
Microsoft Visual Studio Solution File, Format Version 12.00
# Visual Studio Version 16
VisualStudioVersion = 16.0.31702.278
MinimumVisualStudioVersion = 10.0.40219.1
Project("{FAE04EC0-301F-11D3-BF4B-00C04F79EFBC}") = "Golf", "Golf.csproj", "{EADAA475-2418-4D70-BE6E-5FAC29A77958}"
EndProject
Project("{FAE04EC0-301F-11D3-BF4B-00C04F79EFBC}") = "Phisics", "..\Phisics\Phisics.csproj", "{AD6D51C9-782B-476D-BB25-38E4917947D8}"
EndProject
Global
	GlobalSection(SolutionConfigurationPlatforms) = preSolution
		Debug|Any CPU = Debug|Any CPU
		Release|Any CPU = Release|Any CPU
	EndGlobalSection
	GlobalSection(ProjectConfigurationPlatforms) = postSolution
		{EADAA475-2418-4D70-BE6E-5FAC29A77958}.Debug|Any CPU.ActiveCfg = Debug|Any CPU
		{EADAA475-2418-4D70-BE6E-5FAC29A77958}.Debug|Any CPU.Build.0 = Debug|Any CPU
		{EADAA475-2418-4D70-BE6E-5FAC29A77958}.Release|Any CPU.ActiveCfg = Release|Any CPU
		{EADAA475-2418-4D70-BE6E-5FAC29A77958}.Release|Any CPU.Build.0 = Release|Any CPU
		{AD6D51C9-782B-476D-BB25-38E4917947D8}.Debug|Any CPU.ActiveCfg = Debug|Any CPU
		{AD6D51C9-782B-476D-BB25-38E4917947D8}.Debug|Any CPU.Build.0 = Debug|Any CPU
		{AD6D51C9-782B-476D-BB25-38E4917947D8}.Release|Any CPU.ActiveCfg = Release|Any CPU
		{AD6D51C9-782B-476D-BB25-38E4917947D8}.Release|Any CPU.Build.0 = Release|Any CPU
	EndGlobalSection
	GlobalSection(SolutionProperties) = preSolution
		HideSolutionNode = FALSE
	EndGlobalSection
	GlobalSection(ExtensibilityGlobals) = postSolution
		SolutionGuid = {E3C40B58-B212-4915-A834-9A15DD44F8CC}
	EndGlobalSection
EndGlobal
